
Microsoft Visual Studio Solution File, Format Version 12.00
# Visual Studio 15
VisualStudioVersion = 15.0.28307.645
MinimumVisualStudioVersion = 10.0.40219.1
Project("{FAE04EC0-301F-11D3-BF4B-00C04F79EFBC}") = "Lab4_PrimeraParte", "Lab4_PrimeraParte\Lab4_PrimeraParte.csproj", "{83BAA226-00C2-40F8-A2ED-F3B19E15AC2E}"
EndProject
Project("{FAE04EC0-301F-11D3-BF4B-00C04F79EFBC}") = "CapaDatos", "CapaDatos\CapaDatos.csproj", "{4C522F6F-BEA9-4AF2-8B45-9FEA29B1E5C2}"
EndProject
Global
	GlobalSection(SolutionConfigurationPlatforms) = preSolution
		Debug|Any CPU = Debug|Any CPU
		Release|Any CPU = Release|Any CPU
	EndGlobalSection
	GlobalSection(ProjectConfigurationPlatforms) = postSolution
		{83BAA226-00C2-40F8-A2ED-F3B19E15AC2E}.Debug|Any CPU.ActiveCfg = Debug|Any CPU
		{83BAA226-00C2-40F8-A2ED-F3B19E15AC2E}.Debug|Any CPU.Build.0 = Debug|Any CPU
		{83BAA226-00C2-40F8-A2ED-F3B19E15AC2E}.Release|Any CPU.ActiveCfg = Release|Any CPU
		{83BAA226-00C2-40F8-A2ED-F3B19E15AC2E}.Release|Any CPU.Build.0 = Release|Any CPU
		{4C522F6F-BEA9-4AF2-8B45-9FEA29B1E5C2}.Debug|Any CPU.ActiveCfg = Debug|Any CPU
		{4C522F6F-BEA9-4AF2-8B45-9FEA29B1E5C2}.Debug|Any CPU.Build.0 = Debug|Any CPU
		{4C522F6F-BEA9-4AF2-8B45-9FEA29B1E5C2}.Release|Any CPU.ActiveCfg = Release|Any CPU
		{4C522F6F-BEA9-4AF2-8B45-9FEA29B1E5C2}.Release|Any CPU.Build.0 = Release|Any CPU
	EndGlobalSection
	GlobalSection(SolutionProperties) = preSolution
		HideSolutionNode = FALSE
	EndGlobalSection
	GlobalSection(ExtensibilityGlobals) = postSolution
		SolutionGuid = {286408E9-1AFA-4C99-B3C0-2D0FC1DC98A9}
	EndGlobalSection
EndGlobal
